
Microsoft Visual Studio Solution File, Format Version 12.00
# Visual Studio Version 17
VisualStudioVersion = 17.14.36109.1 d17.14
MinimumVisualStudioVersion = 10.0.40219.1
Project("{FAE04EC0-301F-11D3-BF4B-00C04F79EFBC}") = "Login_&_signup_Form", "Login_&_signup_Form.csproj", "{D6C40B2B-1B73-4E40-A1C7-5C241BEAABAF}"
EndProject
Global
	GlobalSection(SolutionConfigurationPlatforms) = preSolution
		Debug|Any CPU = Debug|Any CPU
		Release|Any CPU = Release|Any CPU
	EndGlobalSection
	GlobalSection(ProjectConfigurationPlatforms) = postSolution
		{D6C40B2B-1B73-4E40-A1C7-5C241BEAABAF}.Debug|Any CPU.ActiveCfg = Debug|Any CPU
		{D6C40B2B-1B73-4E40-A1C7-5C241BEAABAF}.Debug|Any CPU.Build.0 = Debug|Any CPU
		{D6C40B2B-1B73-4E40-A1C7-5C241BEAABAF}.Release|Any CPU.ActiveCfg = Release|Any CPU
		{D6C40B2B-1B73-4E40-A1C7-5C241BEAABAF}.Release|Any CPU.Build.0 = Release|Any CPU
	EndGlobalSection
	GlobalSection(SolutionProperties) = preSolution
		HideSolutionNode = FALSE
	EndGlobalSection
	GlobalSection(ExtensibilityGlobals) = postSolution
		SolutionGuid = {54D710E2-9C8A-455E-B40F-1831336A9154}
	EndGlobalSection
EndGlobal
