
Microsoft Visual Studio Solution File, Format Version 12.00
# Visual Studio Version 17
VisualStudioVersion = 17.14.36109.1 d17.14
MinimumVisualStudioVersion = 10.0.40219.1
Project("{FAE04EC0-301F-11D3-BF4B-00C04F79EFBC}") = "first_webform_project", "first_webform_project.csproj", "{0922E111-A7DB-4241-A8C6-1A462F4BEB61}"
EndProject
Global
	GlobalSection(SolutionConfigurationPlatforms) = preSolution
		Debug|Any CPU = Debug|Any CPU
		Release|Any CPU = Release|Any CPU
	EndGlobalSection
	GlobalSection(ProjectConfigurationPlatforms) = postSolution
		{0922E111-A7DB-4241-A8C6-1A462F4BEB61}.Debug|Any CPU.ActiveCfg = Debug|Any CPU
		{0922E111-A7DB-4241-A8C6-1A462F4BEB61}.Debug|Any CPU.Build.0 = Debug|Any CPU
		{0922E111-A7DB-4241-A8C6-1A462F4BEB61}.Release|Any CPU.ActiveCfg = Release|Any CPU
		{0922E111-A7DB-4241-A8C6-1A462F4BEB61}.Release|Any CPU.Build.0 = Release|Any CPU
	EndGlobalSection
	GlobalSection(SolutionProperties) = preSolution
		HideSolutionNode = FALSE
	EndGlobalSection
	GlobalSection(ExtensibilityGlobals) = postSolution
		SolutionGuid = {D2318182-0083-4E0A-9714-A9A81BD29EE0}
	EndGlobalSection
EndGlobal
